
Microsoft Visual Studio Solution File, Format Version 12.00
# Visual Studio Version 17
VisualStudioVersion = 17.14.36804.6 d17.14
MinimumVisualStudioVersion = 10.0.40219.1
Project("{FAE04EC0-301F-11D3-BF4B-00C04F79EFBC}") = "exerccios", "exerccios.csproj", "{2CDB2E5F-F115-4213-9B83-89BC5B5FFDAE}"
EndProject
Global
	GlobalSection(SolutionConfigurationPlatforms) = preSolution
		Debug|Any CPU = Debug|Any CPU
		Release|Any CPU = Release|Any CPU
	EndGlobalSection
	GlobalSection(ProjectConfigurationPlatforms) = postSolution
		{2CDB2E5F-F115-4213-9B83-89BC5B5FFDAE}.Debug|Any CPU.ActiveCfg = Debug|Any CPU
		{2CDB2E5F-F115-4213-9B83-89BC5B5FFDAE}.Debug|Any CPU.Build.0 = Debug|Any CPU
		{2CDB2E5F-F115-4213-9B83-89BC5B5FFDAE}.Release|Any CPU.ActiveCfg = Release|Any CPU
		{2CDB2E5F-F115-4213-9B83-89BC5B5FFDAE}.Release|Any CPU.Build.0 = Release|Any CPU
	EndGlobalSection
	GlobalSection(SolutionProperties) = preSolution
		HideSolutionNode = FALSE
	EndGlobalSection
	GlobalSection(ExtensibilityGlobals) = postSolution
		SolutionGuid = {B407229D-81DD-4665-A6C2-461A875373EC}
	EndGlobalSection
EndGlobal
